
Microsoft Visual Studio Solution File, Format Version 12.00
Project("{FAE04EC0-301F-11D3-BF4B-00C04F79EFBC}") = "SharpObjectGenerator", "SharpObjectGenerator.csproj", "{012F3D61-C854-41AB-A2F3-093DEECF75AA}"
EndProject
Global
	GlobalSection(SolutionConfigurationPlatforms) = preSolution
		Debug|Any CPU = Debug|Any CPU
		Release|Any CPU = Release|Any CPU
	EndGlobalSection
	GlobalSection(ProjectConfigurationPlatforms) = postSolution
		{012F3D61-C854-41AB-A2F3-093DEECF75AA}.Debug|Any CPU.ActiveCfg = Debug|Any CPU
		{012F3D61-C854-41AB-A2F3-093DEECF75AA}.Debug|Any CPU.Build.0 = Debug|Any CPU
		{012F3D61-C854-41AB-A2F3-093DEECF75AA}.Release|Any CPU.ActiveCfg = Release|Any CPU
		{012F3D61-C854-41AB-A2F3-093DEECF75AA}.Release|Any CPU.Build.0 = Release|Any CPU
	EndGlobalSection
EndGlobal
